// !$*UTF8*$!
{
	archiveVersion = 1;
	classes = {
	};
	objectVersion = 46;
	objects = {

/* Begin PBXBuildFile section */
		2600070F191B0F7C0084B4A9 /* GTMOAuth2ViewTouch.xib in Resources */ = {isa = PBXBuildFile; fileRef = 2600070E191B0F7C0084B4A9 /* GTMOAuth2ViewTouch.xib */; };
		264400F1191343B200407803 /* Foundation.framework in Frameworks */ = {isa = PBXBuildFile; fileRef = 264400F0191343B200407803 /* Foundation.framework */; };
		264400F3191343B200407803 /* CoreGraphics.framework in Frameworks */ = {isa = PBXBuildFile; fileRef = 264400F2191343B200407803 /* CoreGraphics.framework */; };
		264400F5191343B200407803 /* UIKit.framework in Frameworks */ = {isa = PBXBuildFile; fileRef = 264400F4191343B200407803 /* UIKit.framework */; };
		264400FB191343B200407803 /* InfoPlist.strings in Resources */ = {isa = PBXBuildFile; fileRef = 264400F9191343B200407803 /* InfoPlist.strings */; };
		264400FD191343B200407803 /* main.m in Sources */ = {isa = PBXBuildFile; fileRef = 264400FC191343B200407803 /* main.m */; };
		26440101191343B200407803 /* MDAppDelegate.m in Sources */ = {isa = PBXBuildFile; fileRef = 26440100191343B200407803 /* MDAppDelegate.m */; };
		26440104191343B200407803 /* Main.storyboard in Resources */ = {isa = PBXBuildFile; fileRef = 26440102191343B200407803 /* Main.storyboard */; };
		26440107191343B200407803 /* MDMasterViewController.m in Sources */ = {isa = PBXBuildFile; fileRef = 26440106191343B200407803 /* MDMasterViewController.m */; };
		2644010A191343B200407803 /* MDDetailViewController.m in Sources */ = {isa = PBXBuildFile; fileRef = 26440109191343B200407803 /* MDDetailViewController.m */; };
		2644010C191343B200407803 /* Images.xcassets in Resources */ = {isa = PBXBuildFile; fileRef = 2644010B191343B200407803 /* Images.xcassets */; };
		26440113191343B200407803 /* XCTest.framework in Frameworks */ = {isa = PBXBuildFile; fileRef = 26440112191343B200407803 /* XCTest.framework */; };
		26440114191343B200407803 /* Foundation.framework in Frameworks */ = {isa = PBXBuildFile; fileRef = 264400F0191343B200407803 /* Foundation.framework */; };
		26440115191343B200407803 /* UIKit.framework in Frameworks */ = {isa = PBXBuildFile; fileRef = 264400F4191343B200407803 /* UIKit.framework */; };
		2644011D191343B200407803 /* InfoPlist.strings in Resources */ = {isa = PBXBuildFile; fileRef = 2644011B191343B200407803 /* InfoPlist.strings */; };
		2644011F191343B200407803 /* Tasks_Tests.m in Sources */ = {isa = PBXBuildFile; fileRef = 2644011E191343B200407803 /* Tasks_Tests.m */; };
		264401351913443100407803 /* MMDrawerBarButtonItem.m in Sources */ = {isa = PBXBuildFile; fileRef = 2644012D1913443100407803 /* MMDrawerBarButtonItem.m */; };
		264401361913443100407803 /* MMDrawerController.m in Sources */ = {isa = PBXBuildFile; fileRef = 2644012F1913443100407803 /* MMDrawerController.m */; };
		264401371913443100407803 /* MMDrawerVisualState.m in Sources */ = {isa = PBXBuildFile; fileRef = 264401321913443100407803 /* MMDrawerVisualState.m */; };
		264401381913443100407803 /* UIViewController+MMDrawerController.m in Sources */ = {isa = PBXBuildFile; fileRef = 264401341913443100407803 /* UIViewController+MMDrawerController.m */; };
		2644013C19134BEA00407803 /* MDMenuViewController.m in Sources */ = {isa = PBXBuildFile; fileRef = 2644013B19134BEA00407803 /* MDMenuViewController.m */; };
		2644013F19134C0200407803 /* MDTasksViewController.m in Sources */ = {isa = PBXBuildFile; fileRef = 2644013E19134C0200407803 /* MDTasksViewController.m */; };
		26440142191350EE00407803 /* MDTaskList.m in Sources */ = {isa = PBXBuildFile; fileRef = 26440141191350EE00407803 /* MDTaskList.m */; };
		264401451913513600407803 /* MDTask.m in Sources */ = {isa = PBXBuildFile; fileRef = 264401441913513600407803 /* MDTask.m */; };
		269DC2B01921A1E400E49058 /* MDTasksManager.m in Sources */ = {isa = PBXBuildFile; fileRef = 269DC2AF1921A1E400E49058 /* MDTasksManager.m */; };
		26D5BF981914AD6300E4A81E /* GTLQueryTasks.m in Sources */ = {isa = PBXBuildFile; fileRef = 26D5BF891914AD6300E4A81E /* GTLQueryTasks.m */; };
		26D5BF991914AD6300E4A81E /* GTLServiceTasks.m in Sources */ = {isa = PBXBuildFile; fileRef = 26D5BF8B1914AD6300E4A81E /* GTLServiceTasks.m */; };
		26D5BF9B1914AD6300E4A81E /* GTLTasksConstants.m in Sources */ = {isa = PBXBuildFile; fileRef = 26D5BF8F1914AD6300E4A81E /* GTLTasksConstants.m */; };
		26D5BF9C1914AD6300E4A81E /* GTLTasksTask.m in Sources */ = {isa = PBXBuildFile; fileRef = 26D5BF911914AD6300E4A81E /* GTLTasksTask.m */; };
		26D5BF9D1914AD6300E4A81E /* GTLTasksTaskList.m in Sources */ = {isa = PBXBuildFile; fileRef = 26D5BF931914AD6300E4A81E /* GTLTasksTaskList.m */; };
		26D5BF9E1914AD6300E4A81E /* GTLTasksTaskLists.m in Sources */ = {isa = PBXBuildFile; fileRef = 26D5BF951914AD6300E4A81E /* GTLTasksTaskLists.m */; };
		26D5BF9F1914AD6300E4A81E /* GTLTasksTasks.m in Sources */ = {isa = PBXBuildFile; fileRef = 26D5BF971914AD6300E4A81E /* GTLTasksTasks.m */; };
		26D5BFA11914ADCC00E4A81E /* Security.framework in Frameworks */ = {isa = PBXBuildFile; fileRef = 26D5BFA01914ADCC00E4A81E /* Security.framework */; };
		26D5BFA31914AE5000E4A81E /* SystemConfiguration.framework in Frameworks */ = {isa = PBXBuildFile; fileRef = 26D5BFA21914AE5000E4A81E /* SystemConfiguration.framework */; };
		26D5C09D1914B63C00E4A81E /* libGTLTouchStaticLib.a in Frameworks */ = {isa = PBXBuildFile; fileRef = 26D5BF781914A9DE00E4A81E /* libGTLTouchStaticLib.a */; };
		26DE179B191C7EB400506977 /* MDEditTaskListViewController.m in Sources */ = {isa = PBXBuildFile; fileRef = 26DE179A191C7EB400506977 /* MDEditTaskListViewController.m */; };
		26DE17A0191C914F00506977 /* TestView.xib in Resources */ = {isa = PBXBuildFile; fileRef = 26DE179F191C914F00506977 /* TestView.xib */; };
		26DE17A4191C953800506977 /* MDTextFieldCell.m in Sources */ = {isa = PBXBuildFile; fileRef = 26DE17A3191C953800506977 /* MDTextFieldCell.m */; };
		26DE17A7191DD38000506977 /* MDFormCell.m in Sources */ = {isa = PBXBuildFile; fileRef = 26DE17A6191DD38000506977 /* MDFormCell.m */; };
/* End PBXBuildFile section */

/* Begin PBXContainerItemProxy section */
		26440116191343B200407803 /* PBXContainerItemProxy */ = {
			isa = PBXContainerItemProxy;
			containerPortal = 264400E5191343B200407803 /* Project object */;
			proxyType = 1;
			remoteGlobalIDString = 264400EC191343B200407803;
			remoteInfo = "Tasks+";
		};
		26D5BF751914A9DE00E4A81E /* PBXContainerItemProxy */ = {
			isa = PBXContainerItemProxy;
			containerPortal = 26D5BF6E1914A9DE00E4A81E /* GTL.xcodeproj */;
			proxyType = 2;
			remoteGlobalIDString = 4F38F6A60B66E91D00B24B81;
			remoteInfo = GTLFramework;
		};
		26D5BF771914A9DE00E4A81E /* PBXContainerItemProxy */ = {
			isa = PBXContainerItemProxy;
			containerPortal = 26D5BF6E1914A9DE00E4A81E /* GTL.xcodeproj */;
			proxyType = 2;
			remoteGlobalIDString = 4F12027C11A4CA2F00BEB470;
			remoteInfo = GTLTouchStaticLib;
		};
		26D5BF791914A9DE00E4A81E /* PBXContainerItemProxy */ = {
			isa = PBXContainerItemProxy;
			containerPortal = 26D5BF6E1914A9DE00E4A81E /* GTL.xcodeproj */;
			proxyType = 2;
			remoteGlobalIDString = 4F12027D11A4CA2F00BEB470;
			remoteInfo = GTLUnitTests;
		};
		26D5BF7B1914A9DE00E4A81E /* PBXContainerItemProxy */ = {
			isa = PBXContainerItemProxy;
			containerPortal = 26D5BF6E1914A9DE00E4A81E /* GTL.xcodeproj */;
			proxyType = 2;
			remoteGlobalIDString = 4F1AD9020B71603F00DC0485;
			remoteInfo = DevelopmentTestTool;
		};
		26D5C09B1914B4D600E4A81E /* PBXContainerItemProxy */ = {
			isa = PBXContainerItemProxy;
			containerPortal = 26D5BF6E1914A9DE00E4A81E /* GTL.xcodeproj */;
			proxyType = 1;
			remoteGlobalIDString = 4F1C6E0E1027B3CE00B46459;
			remoteInfo = GTLTouchStaticLib;
		};
/* End PBXContainerItemProxy section */

/* Begin PBXFileReference section */
		2600070E191B0F7C0084B4A9 /* GTMOAuth2ViewTouch.xib */ = {isa = PBXFileReference; fileEncoding = 4; lastKnownFileType = file.xib; path = GTMOAuth2ViewTouch.xib; sourceTree = "<group>"; };
		264400ED191343B200407803 /* Tasks+.app */ = {isa = PBXFileReference; explicitFileType = wrapper.application; includeInIndex = 0; path = "Tasks+.app"; sourceTree = BUILT_PRODUCTS_DIR; };
		264400F0191343B200407803 /* Foundation.framework */ = {isa = PBXFileReference; lastKnownFileType = wrapper.framework; name = Foundation.framework; path = System/Library/Frameworks/Foundation.framework; sourceTree = SDKROOT; };
		264400F2191343B200407803 /* CoreGraphics.framework */ = {isa = PBXFileReference; lastKnownFileType = wrapper.framework; name = CoreGraphics.framework; path = System/Library/Frameworks/CoreGraphics.framework; sourceTree = SDKROOT; };
		264400F4191343B200407803 /* UIKit.framework */ = {isa = PBXFileReference; lastKnownFileType = wrapper.framework; name = UIKit.framework; path = System/Library/Frameworks/UIKit.framework; sourceTree = SDKROOT; };
		264400F8191343B200407803 /* Tasks+-Info.plist */ = {isa = PBXFileReference; lastKnownFileType = text.plist.xml; path = "Tasks+-Info.plist"; sourceTree = "<group>"; };
		264400FA191343B200407803 /* en */ = {isa = PBXFileReference; lastKnownFileType = text.plist.strings; name = en; path = en.lproj/InfoPlist.strings; sourceTree = "<group>"; };
		264400FC191343B200407803 /* main.m */ = {isa = PBXFileReference; lastKnownFileType = sourcecode.c.objc; path = main.m; sourceTree = "<group>"; };
		264400FE191343B200407803 /* Tasks+-Prefix.pch */ = {isa = PBXFileReference; lastKnownFileType = sourcecode.c.h; path = "Tasks+-Prefix.pch"; sourceTree = "<group>"; };
		264400FF191343B200407803 /* MDAppDelegate.h */ = {isa = PBXFileReference; lastKnownFileType = sourcecode.c.h; path = MDAppDelegate.h; sourceTree = "<group>"; };
		26440100191343B200407803 /* MDAppDelegate.m */ = {isa = PBXFileReference; lastKnownFileType = sourcecode.c.objc; path = MDAppDelegate.m; sourceTree = "<group>"; };
		26440103191343B200407803 /* Base */ = {isa = PBXFileReference; lastKnownFileType = file.storyboard; name = Base; path = Base.lproj/Main.storyboard; sourceTree = "<group>"; };
		26440105191343B200407803 /* MDMasterViewController.h */ = {isa = PBXFileReference; lastKnownFileType = sourcecode.c.h; name = MDMasterViewController.h; path = "Tasks+/MDMasterViewController.h"; sourceTree = "<group>"; };
		26440106191343B200407803 /* MDMasterViewController.m */ = {isa = PBXFileReference; lastKnownFileType = sourcecode.c.objc; name = MDMasterViewController.m; path = "Tasks+/MDMasterViewController.m"; sourceTree = "<group>"; };
		26440108191343B200407803 /* MDDetailViewController.h */ = {isa = PBXFileReference; lastKnownFileType = sourcecode.c.h; name = MDDetailViewController.h; path = "Tasks+/MDDetailViewController.h"; sourceTree = "<group>"; };
		26440109191343B200407803 /* MDDetailViewController.m */ = {isa = PBXFileReference; lastKnownFileType = sourcecode.c.objc; name = MDDetailViewController.m; path = "Tasks+/MDDetailViewController.m"; sourceTree = "<group>"; };
		2644010B191343B200407803 /* Images.xcassets */ = {isa = PBXFileReference; lastKnownFileType = folder.assetcatalog; path = Images.xcassets; sourceTree = "<group>"; };
		26440111191343B200407803 /* Tasks+Tests.xctest */ = {isa = PBXFileReference; explicitFileType = wrapper.cfbundle; includeInIndex = 0; path = "Tasks+Tests.xctest"; sourceTree = BUILT_PRODUCTS_DIR; };
		26440112191343B200407803 /* XCTest.framework */ = {isa = PBXFileReference; lastKnownFileType = wrapper.framework; name = XCTest.framework; path = Library/Frameworks/XCTest.framework; sourceTree = DEVELOPER_DIR; };
		2644011A191343B200407803 /* Tasks+Tests-Info.plist */ = {isa = PBXFileReference; lastKnownFileType = text.plist.xml; path = "Tasks+Tests-Info.plist"; sourceTree = "<group>"; };
		2644011C191343B200407803 /* en */ = {isa = PBXFileReference; lastKnownFileType = text.plist.strings; name = en; path = en.lproj/InfoPlist.strings; sourceTree = "<group>"; };
		2644011E191343B200407803 /* Tasks_Tests.m */ = {isa = PBXFileReference; lastKnownFileType = sourcecode.c.objc; path = Tasks_Tests.m; sourceTree = "<group>"; };
		2644012C1913443100407803 /* MMDrawerBarButtonItem.h */ = {isa = PBXFileReference; fileEncoding = 4; lastKnownFileType = sourcecode.c.h; path = MMDrawerBarButtonItem.h; sourceTree = "<group>"; };
		2644012D1913443100407803 /* MMDrawerBarButtonItem.m */ = {isa = PBXFileReference; fileEncoding = 4; lastKnownFileType = sourcecode.c.objc; path = MMDrawerBarButtonItem.m; sourceTree = "<group>"; };
		2644012E1913443100407803 /* MMDrawerController.h */ = {isa = PBXFileReference; fileEncoding = 4; lastKnownFileType = sourcecode.c.h; path = MMDrawerController.h; sourceTree = "<group>"; };
		2644012F1913443100407803 /* MMDrawerController.m */ = {isa = PBXFileReference; fileEncoding = 4; lastKnownFileType = sourcecode.c.objc; path = MMDrawerController.m; sourceTree = "<group>"; };
		264401301913443100407803 /* MMDrawerController+Subclass.h */ = {isa = PBXFileReference; fileEncoding = 4; lastKnownFileType = sourcecode.c.h; path = "MMDrawerController+Subclass.h"; sourceTree = "<group>"; };
		264401311913443100407803 /* MMDrawerVisualState.h */ = {isa = PBXFileReference; fileEncoding = 4; lastKnownFileType = sourcecode.c.h; path = MMDrawerVisualState.h; sourceTree = "<group>"; };
		264401321913443100407803 /* MMDrawerVisualState.m */ = {isa = PBXFileReference; fileEncoding = 4; lastKnownFileType = sourcecode.c.objc; path = MMDrawerVisualState.m; sourceTree = "<group>"; };
		264401331913443100407803 /* UIViewController+MMDrawerController.h */ = {isa = PBXFileReference; fileEncoding = 4; lastKnownFileType = sourcecode.c.h; path = "UIViewController+MMDrawerController.h"; sourceTree = "<group>"; };
		264401341913443100407803 /* UIViewController+MMDrawerController.m */ = {isa = PBXFileReference; fileEncoding = 4; lastKnownFileType = sourcecode.c.objc; path = "UIViewController+MMDrawerController.m"; sourceTree = "<group>"; };
		2644013A19134BEA00407803 /* MDMenuViewController.h */ = {isa = PBXFileReference; fileEncoding = 4; lastKnownFileType = sourcecode.c.h; path = MDMenuViewController.h; sourceTree = "<group>"; };
		2644013B19134BEA00407803 /* MDMenuViewController.m */ = {isa = PBXFileReference; fileEncoding = 4; lastKnownFileType = sourcecode.c.objc; path = MDMenuViewController.m; sourceTree = "<group>"; };
		2644013D19134C0200407803 /* MDTasksViewController.h */ = {isa = PBXFileReference; fileEncoding = 4; lastKnownFileType = sourcecode.c.h; path = MDTasksViewController.h; sourceTree = "<group>"; };
		2644013E19134C0200407803 /* MDTasksViewController.m */ = {isa = PBXFileReference; fileEncoding = 4; lastKnownFileType = sourcecode.c.objc; path = MDTasksViewController.m; sourceTree = "<group>"; };
		26440140191350EE00407803 /* MDTaskList.h */ = {isa = PBXFileReference; fileEncoding = 4; lastKnownFileType = sourcecode.c.h; path = MDTaskList.h; sourceTree = "<group>"; };
		26440141191350EE00407803 /* MDTaskList.m */ = {isa = PBXFileReference; fileEncoding = 4; lastKnownFileType = sourcecode.c.objc; path = MDTaskList.m; sourceTree = "<group>"; };
		264401431913513600407803 /* MDTask.h */ = {isa = PBXFileReference; fileEncoding = 4; lastKnownFileType = sourcecode.c.h; path = MDTask.h; sourceTree = "<group>"; };
		264401441913513600407803 /* MDTask.m */ = {isa = PBXFileReference; fileEncoding = 4; lastKnownFileType = sourcecode.c.objc; path = MDTask.m; sourceTree = "<group>"; };
		269DC2AE1921A1E400E49058 /* MDTasksManager.h */ = {isa = PBXFileReference; fileEncoding = 4; lastKnownFileType = sourcecode.c.h; path = MDTasksManager.h; sourceTree = "<group>"; };
		269DC2AF1921A1E400E49058 /* MDTasksManager.m */ = {isa = PBXFileReference; fileEncoding = 4; lastKnownFileType = sourcecode.c.objc; path = MDTasksManager.m; sourceTree = "<group>"; };
		26D3D8481914BCEA00105FE7 /* TasksSampleWindowController.h */ = {isa = PBXFileReference; fileEncoding = 4; lastKnownFileType = sourcecode.c.h; path = TasksSampleWindowController.h; sourceTree = "<group>"; };
		26D3D8491914BCEA00105FE7 /* TasksSampleWindowController.m */ = {isa = PBXFileReference; fileEncoding = 4; lastKnownFileType = sourcecode.c.objc; path = TasksSampleWindowController.m; sourceTree = "<group>"; };
		26D5BF6E1914A9DE00E4A81E /* GTL.xcodeproj */ = {isa = PBXFileReference; lastKnownFileType = "wrapper.pb-project"; name = GTL.xcodeproj; path = "../../google-api-objectivec-client-read-only/Source/GTL.xcodeproj"; sourceTree = "<group>"; };
		26D5BF881914AD6300E4A81E /* GTLQueryTasks.h */ = {isa = PBXFileReference; fileEncoding = 4; lastKnownFileType = sourcecode.c.h; path = GTLQueryTasks.h; sourceTree = "<group>"; };
		26D5BF891914AD6300E4A81E /* GTLQueryTasks.m */ = {isa = PBXFileReference; fileEncoding = 4; lastKnownFileType = sourcecode.c.objc; path = GTLQueryTasks.m; sourceTree = "<group>"; };
		26D5BF8A1914AD6300E4A81E /* GTLServiceTasks.h */ = {isa = PBXFileReference; fileEncoding = 4; lastKnownFileType = sourcecode.c.h; path = GTLServiceTasks.h; sourceTree = "<group>"; };
		26D5BF8B1914AD6300E4A81E /* GTLServiceTasks.m */ = {isa = PBXFileReference; fileEncoding = 4; lastKnownFileType = sourcecode.c.objc; path = GTLServiceTasks.m; sourceTree = "<group>"; };
		26D5BF8C1914AD6300E4A81E /* GTLTasks.h */ = {isa = PBXFileReference; fileEncoding = 4; lastKnownFileType = sourcecode.c.h; path = GTLTasks.h; sourceTree = "<group>"; };
		26D5BF8E1914AD6300E4A81E /* GTLTasksConstants.h */ = {isa = PBXFileReference; fileEncoding = 4; lastKnownFileType = sourcecode.c.h; path = GTLTasksConstants.h; sourceTree = "<group>"; };
		26D5BF8F1914AD6300E4A81E /* GTLTasksConstants.m */ = {isa = PBXFileReference; fileEncoding = 4; lastKnownFileType = sourcecode.c.objc; path = GTLTasksConstants.m; sourceTree = "<group>"; };
		26D5BF901914AD6300E4A81E /* GTLTasksTask.h */ = {isa = PBXFileReference; fileEncoding = 4; lastKnownFileType = sourcecode.c.h; path = GTLTasksTask.h; sourceTree = "<group>"; };
		26D5BF911914AD6300E4A81E /* GTLTasksTask.m */ = {isa = PBXFileReference; fileEncoding = 4; lastKnownFileType = sourcecode.c.objc; path = GTLTasksTask.m; sourceTree = "<group>"; };
		26D5BF921914AD6300E4A81E /* GTLTasksTaskList.h */ = {isa = PBXFileReference; fileEncoding = 4; lastKnownFileType = sourcecode.c.h; path = GTLTasksTaskList.h; sourceTree = "<group>"; };
		26D5BF931914AD6300E4A81E /* GTLTasksTaskList.m */ = {isa = PBXFileReference; fileEncoding = 4; lastKnownFileType = sourcecode.c.objc; path = GTLTasksTaskList.m; sourceTree = "<group>"; };
		26D5BF941914AD6300E4A81E /* GTLTasksTaskLists.h */ = {isa = PBXFileReference; fileEncoding = 4; lastKnownFileType = sourcecode.c.h; path = GTLTasksTaskLists.h; sourceTree = "<group>"; };
		26D5BF951914AD6300E4A81E /* GTLTasksTaskLists.m */ = {isa = PBXFileReference; fileEncoding = 4; lastKnownFileType = sourcecode.c.objc; path = GTLTasksTaskLists.m; sourceTree = "<group>"; };
		26D5BF961914AD6300E4A81E /* GTLTasksTasks.h */ = {isa = PBXFileReference; fileEncoding = 4; lastKnownFileType = sourcecode.c.h; path = GTLTasksTasks.h; sourceTree = "<group>"; };
		26D5BF971914AD6300E4A81E /* GTLTasksTasks.m */ = {isa = PBXFileReference; fileEncoding = 4; lastKnownFileType = sourcecode.c.objc; path = GTLTasksTasks.m; sourceTree = "<group>"; };
		26D5BFA01914ADCC00E4A81E /* Security.framework */ = {isa = PBXFileReference; lastKnownFileType = wrapper.framework; name = Security.framework; path = System/Library/Frameworks/Security.framework; sourceTree = SDKROOT; };
		26D5BFA21914AE5000E4A81E /* SystemConfiguration.framework */ = {isa = PBXFileReference; lastKnownFileType = wrapper.framework; name = SystemConfiguration.framework; path = System/Library/Frameworks/SystemConfiguration.framework; sourceTree = SDKROOT; };
		26D5C0A01914B7A600E4A81E /* GTLBase64.h */ = {isa = PBXFileReference; fileEncoding = 4; lastKnownFileType = sourcecode.c.h; path = GTLBase64.h; sourceTree = "<group>"; };
		26D5C0A11914B7A600E4A81E /* GTLBatchQuery.h */ = {isa = PBXFileReference; fileEncoding = 4; lastKnownFileType = sourcecode.c.h; path = GTLBatchQuery.h; sourceTree = "<group>"; };
		26D5C0A21914B7A600E4A81E /* GTLBatchResult.h */ = {isa = PBXFileReference; fileEncoding = 4; lastKnownFileType = sourcecode.c.h; path = GTLBatchResult.h; sourceTree = "<group>"; };
		26D5C0A31914B7A600E4A81E /* GTLDateTime.h */ = {isa = PBXFileReference; fileEncoding = 4; lastKnownFileType = sourcecode.c.h; path = GTLDateTime.h; sourceTree = "<group>"; };
		26D5C0A41914B7A600E4A81E /* GTLDefines.h */ = {isa = PBXFileReference; fileEncoding = 4; lastKnownFileType = sourcecode.c.h; path = GTLDefines.h; sourceTree = "<group>"; };
		26D5C0A51914B7A600E4A81E /* GTLErrorObject.h */ = {isa = PBXFileReference; fileEncoding = 4; lastKnownFileType = sourcecode.c.h; path = GTLErrorObject.h; sourceTree = "<group>"; };
		26D5C0A61914B7A600E4A81E /* GTLFramework.h */ = {isa = PBXFileReference; fileEncoding = 4; lastKnownFileType = sourcecode.c.h; path = GTLFramework.h; sourceTree = "<group>"; };
		26D5C0A71914B7A600E4A81E /* GTLJSONParser.h */ = {isa = PBXFileReference; fileEncoding = 4; lastKnownFileType = sourcecode.c.h; path = GTLJSONParser.h; sourceTree = "<group>"; };
		26D5C0A81914B7A600E4A81E /* GTLObject.h */ = {isa = PBXFileReference; fileEncoding = 4; lastKnownFileType = sourcecode.c.h; path = GTLObject.h; sourceTree = "<group>"; };
		26D5C0A91914B7A600E4A81E /* GTLQuery.h */ = {isa = PBXFileReference; fileEncoding = 4; lastKnownFileType = sourcecode.c.h; path = GTLQuery.h; sourceTree = "<group>"; };
		26D5C0AA1914B7A600E4A81E /* GTLRuntimeCommon.h */ = {isa = PBXFileReference; fileEncoding = 4; lastKnownFileType = sourcecode.c.h; path = GTLRuntimeCommon.h; sourceTree = "<group>"; };
		26D5C0AB1914B7A600E4A81E /* GTLService.h */ = {isa = PBXFileReference; fileEncoding = 4; lastKnownFileType = sourcecode.c.h; path = GTLService.h; sourceTree = "<group>"; };
		26D5C0AC1914B7A600E4A81E /* GTLTargetNamespace.h */ = {isa = PBXFileReference; fileEncoding = 4; lastKnownFileType = sourcecode.c.h; path = GTLTargetNamespace.h; sourceTree = "<group>"; };
		26D5C0AD1914B7A600E4A81E /* GTLUploadParameters.h */ = {isa = PBXFileReference; fileEncoding = 4; lastKnownFileType = sourcecode.c.h; path = GTLUploadParameters.h; sourceTree = "<group>"; };
		26D5C0AE1914B7A600E4A81E /* GTLUtilities.h */ = {isa = PBXFileReference; fileEncoding = 4; lastKnownFileType = sourcecode.c.h; path = GTLUtilities.h; sourceTree = "<group>"; };
		26D5C0AF1914B7A600E4A81E /* GTMGatherInputStream.h */ = {isa = PBXFileReference; fileEncoding = 4; lastKnownFileType = sourcecode.c.h; path = GTMGatherInputStream.h; sourceTree = "<group>"; };
		26D5C0B01914B7A600E4A81E /* GTMHTTPFetcher.h */ = {isa = PBXFileReference; fileEncoding = 4; lastKnownFileType = sourcecode.c.h; path = GTMHTTPFetcher.h; sourceTree = "<group>"; };
		26D5C0B11914B7A600E4A81E /* GTMHTTPFetcherLogging.h */ = {isa = PBXFileReference; fileEncoding = 4; lastKnownFileType = sourcecode.c.h; path = GTMHTTPFetcherLogging.h; sourceTree = "<group>"; };
		26D5C0B21914B7A600E4A81E /* GTMHTTPFetcherService.h */ = {isa = PBXFileReference; fileEncoding = 4; lastKnownFileType = sourcecode.c.h; path = GTMHTTPFetcherService.h; sourceTree = "<group>"; };
		26D5C0B31914B7A600E4A81E /* GTMHTTPFetchHistory.h */ = {isa = PBXFileReference; fileEncoding = 4; lastKnownFileType = sourcecode.c.h; path = GTMHTTPFetchHistory.h; sourceTree = "<group>"; };
		26D5C0B41914B7A600E4A81E /* GTMHTTPUploadFetcher.h */ = {isa = PBXFileReference; fileEncoding = 4; lastKnownFileType = sourcecode.c.h; path = GTMHTTPUploadFetcher.h; sourceTree = "<group>"; };
		26D5C0B51914B7A600E4A81E /* GTMMIMEDocument.h */ = {isa = PBXFileReference; fileEncoding = 4; lastKnownFileType = sourcecode.c.h; path = GTMMIMEDocument.h; sourceTree = "<group>"; };
		26D5C0B61914B7A600E4A81E /* GTMOAuth2Authentication.h */ = {isa = PBXFileReference; fileEncoding = 4; lastKnownFileType = sourcecode.c.h; path = GTMOAuth2Authentication.h; sourceTree = "<group>"; };
		26D5C0B71914B7A600E4A81E /* GTMOAuth2SignIn.h */ = {isa = PBXFileReference; fileEncoding = 4; lastKnownFileType = sourcecode.c.h; path = GTMOAuth2SignIn.h; sourceTree = "<group>"; };
		26D5C0B81914B7A600E4A81E /* GTMOAuth2ViewControllerTouch.h */ = {isa = PBXFileReference; fileEncoding = 4; lastKnownFileType = sourcecode.c.h; path = GTMOAuth2ViewControllerTouch.h; sourceTree = "<group>"; };
		26D5C0B91914B7A600E4A81E /* GTMOAuth2WindowController.h */ = {isa = PBXFileReference; fileEncoding = 4; lastKnownFileType = sourcecode.c.h; path = GTMOAuth2WindowController.h; sourceTree = "<group>"; };
		26D5C0BA1914B7A600E4A81E /* GTMReadMonitorInputStream.h */ = {isa = PBXFileReference; fileEncoding = 4; lastKnownFileType = sourcecode.c.h; path = GTMReadMonitorInputStream.h; sourceTree = "<group>"; };
		26DE1799191C7EB400506977 /* MDEditTaskListViewController.h */ = {isa = PBXFileReference; fileEncoding = 4; lastKnownFileType = sourcecode.c.h; path = MDEditTaskListViewController.h; sourceTree = "<group>"; };
		26DE179A191C7EB400506977 /* MDEditTaskListViewController.m */ = {isa = PBXFileReference; fileEncoding = 4; lastKnownFileType = sourcecode.c.objc; path = MDEditTaskListViewController.m; sourceTree = "<group>"; };
		26DE179F191C914F00506977 /* TestView.xib */ = {isa = PBXFileReference; fileEncoding = 4; lastKnownFileType = file.xib; path = TestView.xib; sourceTree = "<group>"; };
		26DE17A2191C953800506977 /* MDTextFieldCell.h */ = {isa = PBXFileReference; fileEncoding = 4; lastKnownFileType = sourcecode.c.h; path = MDTextFieldCell.h; sourceTree = "<group>"; };
		26DE17A3191C953800506977 /* MDTextFieldCell.m */ = {isa = PBXFileReference; fileEncoding = 4; lastKnownFileType = sourcecode.c.objc; path = MDTextFieldCell.m; sourceTree = "<group>"; };
		26DE17A5191DD38000506977 /* MDFormCell.h */ = {isa = PBXFileReference; fileEncoding = 4; lastKnownFileType = sourcecode.c.h; path = MDFormCell.h; sourceTree = "<group>"; };
		26DE17A6191DD38000506977 /* MDFormCell.m */ = {isa = PBXFileReference; fileEncoding = 4; lastKnownFileType = sourcecode.c.objc; path = MDFormCell.m; sourceTree = "<group>"; };
/* End PBXFileReference section */

/* Begin PBXFrameworksBuildPhase section */
		264400EA191343B200407803 /* Frameworks */ = {
			isa = PBXFrameworksBuildPhase;
			buildActionMask = 2147483647;
			files = (
				26D5C09D1914B63C00E4A81E /* libGTLTouchStaticLib.a in Frameworks */,
				26D5BFA31914AE5000E4A81E /* SystemConfiguration.framework in Frameworks */,
				26D5BFA11914ADCC00E4A81E /* Security.framework in Frameworks */,
				264400F3191343B200407803 /* CoreGraphics.framework in Frameworks */,
				264400F5191343B200407803 /* UIKit.framework in Frameworks */,
				264400F1191343B200407803 /* Foundation.framework in Frameworks */,
			);
			runOnlyForDeploymentPostprocessing = 0;
		};
		2644010E191343B200407803 /* Frameworks */ = {
			isa = PBXFrameworksBuildPhase;
			buildActionMask = 2147483647;
			files = (
				26440113191343B200407803 /* XCTest.framework in Frameworks */,
				26440115191343B200407803 /* UIKit.framework in Frameworks */,
				26440114191343B200407803 /* Foundation.framework in Frameworks */,
			);
			runOnlyForDeploymentPostprocessing = 0;
		};
/* End PBXFrameworksBuildPhase section */

/* Begin PBXGroup section */
		264400E4191343B200407803 = {
			isa = PBXGroup;
			children = (
				264400F6191343B200407803 /* Tasks+ */,
				26440118191343B200407803 /* Tasks+Tests */,
				264400EF191343B200407803 /* Frameworks */,
				264400EE191343B200407803 /* Products */,
				26D3D8481914BCEA00105FE7 /* TasksSampleWindowController.h */,
				26D3D8491914BCEA00105FE7 /* TasksSampleWindowController.m */,
				26440105191343B200407803 /* MDMasterViewController.h */,
				26440106191343B200407803 /* MDMasterViewController.m */,
				26440108191343B200407803 /* MDDetailViewController.h */,
				26440109191343B200407803 /* MDDetailViewController.m */,
			);
			sourceTree = "<group>";
		};
		264400EE191343B200407803 /* Products */ = {
			isa = PBXGroup;
			children = (
				264400ED191343B200407803 /* Tasks+.app */,
				26440111191343B200407803 /* Tasks+Tests.xctest */,
			);
			name = Products;
			sourceTree = "<group>";
		};
		264400EF191343B200407803 /* Frameworks */ = {
			isa = PBXGroup;
			children = (
				26D5BF6E1914A9DE00E4A81E /* GTL.xcodeproj */,
				26D5BFA21914AE5000E4A81E /* SystemConfiguration.framework */,
				26D5BFA01914ADCC00E4A81E /* Security.framework */,
				264400F0191343B200407803 /* Foundation.framework */,
				264400F2191343B200407803 /* CoreGraphics.framework */,
				264400F4191343B200407803 /* UIKit.framework */,
				26440112191343B200407803 /* XCTest.framework */,
			);
			name = Frameworks;
			sourceTree = "<group>";
		};
		264400F6191343B200407803 /* Tasks+ */ = {
			isa = PBXGroup;
			children = (
				269DC2AD1921A18300E49058 /* Util */,
				26DE17A1191C941C00506977 /* XIB */,
				26D5BF851914AD4A00E4A81E /* Libraries */,
				264401391913445C00407803 /* Assets */,
				2644012B1913440200407803 /* Models */,
				2644012A191343FB00407803 /* Views */,
				26440129191343F000407803 /* DrawerController */,
				26440128191343D600407803 /* ViewControllers */,
				264400FF191343B200407803 /* MDAppDelegate.h */,
				26440100191343B200407803 /* MDAppDelegate.m */,
				264400F7191343B200407803 /* Supporting Files */,
			);
			path = "Tasks+";
			sourceTree = "<group>";
		};
		264400F7191343B200407803 /* Supporting Files */ = {
			isa = PBXGroup;
			children = (
				264400F8191343B200407803 /* Tasks+-Info.plist */,
				264400F9191343B200407803 /* InfoPlist.strings */,
				264400FC191343B200407803 /* main.m */,
				264400FE191343B200407803 /* Tasks+-Prefix.pch */,
			);
			name = "Supporting Files";
			sourceTree = "<group>";
		};
		26440118191343B200407803 /* Tasks+Tests */ = {
			isa = PBXGroup;
			children = (
				2644011E191343B200407803 /* Tasks_Tests.m */,
				26440119191343B200407803 /* Supporting Files */,
			);
			path = "Tasks+Tests";
			sourceTree = "<group>";
		};
		26440119191343B200407803 /* Supporting Files */ = {
			isa = PBXGroup;
			children = (
				2644011A191343B200407803 /* Tasks+Tests-Info.plist */,
				2644011B191343B200407803 /* InfoPlist.strings */,
			);
			name = "Supporting Files";
			sourceTree = "<group>";
		};
		26440128191343D600407803 /* ViewControllers */ = {
			isa = PBXGroup;
			children = (
				2644013A19134BEA00407803 /* MDMenuViewController.h */,
				2644013B19134BEA00407803 /* MDMenuViewController.m */,
				2644013D19134C0200407803 /* MDTasksViewController.h */,
				2644013E19134C0200407803 /* MDTasksViewController.m */,
				26DE1799191C7EB400506977 /* MDEditTaskListViewController.h */,
				26DE179A191C7EB400506977 /* MDEditTaskListViewController.m */,
			);
			name = ViewControllers;
			sourceTree = "<group>";
		};
		26440129191343F000407803 /* DrawerController */ = {
			isa = PBXGroup;
			children = (
				2644012C1913443100407803 /* MMDrawerBarButtonItem.h */,
				2644012D1913443100407803 /* MMDrawerBarButtonItem.m */,
				2644012E1913443100407803 /* MMDrawerController.h */,
				2644012F1913443100407803 /* MMDrawerController.m */,
				264401301913443100407803 /* MMDrawerController+Subclass.h */,
				264401311913443100407803 /* MMDrawerVisualState.h */,
				264401321913443100407803 /* MMDrawerVisualState.m */,
				264401331913443100407803 /* UIViewController+MMDrawerController.h */,
				264401341913443100407803 /* UIViewController+MMDrawerController.m */,
			);
			name = DrawerController;
			sourceTree = "<group>";
		};
		2644012A191343FB00407803 /* Views */ = {
			isa = PBXGroup;
			children = (
				26DE17A2191C953800506977 /* MDTextFieldCell.h */,
				26DE17A3191C953800506977 /* MDTextFieldCell.m */,
				26DE17A5191DD38000506977 /* MDFormCell.h */,
				26DE17A6191DD38000506977 /* MDFormCell.m */,
			);
			name = Views;
			sourceTree = "<group>";
		};
		2644012B1913440200407803 /* Models */ = {
			isa = PBXGroup;
			children = (
				26440140191350EE00407803 /* MDTaskList.h */,
				26440141191350EE00407803 /* MDTaskList.m */,
				264401431913513600407803 /* MDTask.h */,
				264401441913513600407803 /* MDTask.m */,
			);
			name = Models;
			sourceTree = "<group>";
		};
		264401391913445C00407803 /* Assets */ = {
			isa = PBXGroup;
			children = (
				2644010B191343B200407803 /* Images.xcassets */,
			);
			name = Assets;
			sourceTree = "<group>";
		};
		269DC2AD1921A18300E49058 /* Util */ = {
			isa = PBXGroup;
			children = (
				269DC2AE1921A1E400E49058 /* MDTasksManager.h */,
				269DC2AF1921A1E400E49058 /* MDTasksManager.m */,
			);
			name = Util;
			sourceTree = "<group>";
		};
		26D5BF6F1914A9DE00E4A81E /* Products */ = {
			isa = PBXGroup;
			children = (
				26D5BF761914A9DE00E4A81E /* GTL.framework */,
				26D5BF781914A9DE00E4A81E /* libGTLTouchStaticLib.a */,
				26D5BF7A1914A9DE00E4A81E /* GTLUnitTests.octest */,
				26D5BF7C1914A9DE00E4A81E /* DevelopmentTestTool */,
			);
			name = Products;
			sourceTree = "<group>";
		};
		26D5BF851914AD4A00E4A81E /* Libraries */ = {
			isa = PBXGroup;
			children = (
				26D5C09F1914B7A600E4A81E /* Headers */,
				26D5BF861914AD6300E4A81E /* Tasks */,
			);
			name = Libraries;
			sourceTree = "<group>";
		};
		26D5BF861914AD6300E4A81E /* Tasks */ = {
			isa = PBXGroup;
			children = (
				26D5BF871914AD6300E4A81E /* Generated */,
			);
			path = Tasks;
			sourceTree = "<group>";
		};
		26D5BF871914AD6300E4A81E /* Generated */ = {
			isa = PBXGroup;
			children = (
				26D5BF881914AD6300E4A81E /* GTLQueryTasks.h */,
				26D5BF891914AD6300E4A81E /* GTLQueryTasks.m */,
				26D5BF8A1914AD6300E4A81E /* GTLServiceTasks.h */,
				26D5BF8B1914AD6300E4A81E /* GTLServiceTasks.m */,
				26D5BF8C1914AD6300E4A81E /* GTLTasks.h */,
				26D5BF8E1914AD6300E4A81E /* GTLTasksConstants.h */,
				26D5BF8F1914AD6300E4A81E /* GTLTasksConstants.m */,
				26D5BF901914AD6300E4A81E /* GTLTasksTask.h */,
				26D5BF911914AD6300E4A81E /* GTLTasksTask.m */,
				26D5BF921914AD6300E4A81E /* GTLTasksTaskList.h */,
				26D5BF931914AD6300E4A81E /* GTLTasksTaskList.m */,
				26D5BF941914AD6300E4A81E /* GTLTasksTaskLists.h */,
				26D5BF951914AD6300E4A81E /* GTLTasksTaskLists.m */,
				26D5BF961914AD6300E4A81E /* GTLTasksTasks.h */,
				26D5BF971914AD6300E4A81E /* GTLTasksTasks.m */,
			);
			path = Generated;
			sourceTree = "<group>";
		};
		26D5C09F1914B7A600E4A81E /* Headers */ = {
			isa = PBXGroup;
			children = (
				26D5C0A01914B7A600E4A81E /* GTLBase64.h */,
				26D5C0A11914B7A600E4A81E /* GTLBatchQuery.h */,
				26D5C0A21914B7A600E4A81E /* GTLBatchResult.h */,
				26D5C0A31914B7A600E4A81E /* GTLDateTime.h */,
				26D5C0A41914B7A600E4A81E /* GTLDefines.h */,
				26D5C0A51914B7A600E4A81E /* GTLErrorObject.h */,
				26D5C0A61914B7A600E4A81E /* GTLFramework.h */,
				26D5C0A71914B7A600E4A81E /* GTLJSONParser.h */,
				26D5C0A81914B7A600E4A81E /* GTLObject.h */,
				26D5C0A91914B7A600E4A81E /* GTLQuery.h */,
				26D5C0AA1914B7A600E4A81E /* GTLRuntimeCommon.h */,
				26D5C0AB1914B7A600E4A81E /* GTLService.h */,
				26D5C0AC1914B7A600E4A81E /* GTLTargetNamespace.h */,
				26D5C0AD1914B7A600E4A81E /* GTLUploadParameters.h */,
				26D5C0AE1914B7A600E4A81E /* GTLUtilities.h */,
				26D5C0AF1914B7A600E4A81E /* GTMGatherInputStream.h */,
				26D5C0B01914B7A600E4A81E /* GTMHTTPFetcher.h */,
				26D5C0B11914B7A600E4A81E /* GTMHTTPFetcherLogging.h */,
				26D5C0B21914B7A600E4A81E /* GTMHTTPFetcherService.h */,
				26D5C0B31914B7A600E4A81E /* GTMHTTPFetchHistory.h */,
				26D5C0B41914B7A600E4A81E /* GTMHTTPUploadFetcher.h */,
				26D5C0B51914B7A600E4A81E /* GTMMIMEDocument.h */,
				26D5C0B61914B7A600E4A81E /* GTMOAuth2Authentication.h */,
				26D5C0B71914B7A600E4A81E /* GTMOAuth2SignIn.h */,
				26D5C0B81914B7A600E4A81E /* GTMOAuth2ViewControllerTouch.h */,
				26D5C0B91914B7A600E4A81E /* GTMOAuth2WindowController.h */,
				26D5C0BA1914B7A600E4A81E /* GTMReadMonitorInputStream.h */,
			);
			path = Headers;
			sourceTree = "<group>";
		};
		26DE17A1191C941C00506977 /* XIB */ = {
			isa = PBXGroup;
			children = (
				2600070E191B0F7C0084B4A9 /* GTMOAuth2ViewTouch.xib */,
				26440102191343B200407803 /* Main.storyboard */,
				26DE179F191C914F00506977 /* TestView.xib */,
			);
			name = XIB;
			sourceTree = "<group>";
		};
/* End PBXGroup section */

/* Begin PBXNativeTarget section */
		264400EC191343B200407803 /* Tasks+ */ = {
			isa = PBXNativeTarget;
			buildConfigurationList = 26440122191343B200407803 /* Build configuration list for PBXNativeTarget "Tasks+" */;
			buildPhases = (
				264400E9191343B200407803 /* Sources */,
				264400EA191343B200407803 /* Frameworks */,
				264400EB191343B200407803 /* Resources */,
			);
			buildRules = (
			);
			dependencies = (
				26D5C09C1914B4D600E4A81E /* PBXTargetDependency */,
			);
			name = "Tasks+";
			productName = "Tasks+";
			productReference = 264400ED191343B200407803 /* Tasks+.app */;
			productType = "com.apple.product-type.application";
		};
		26440110191343B200407803 /* Tasks+Tests */ = {
			isa = PBXNativeTarget;
			buildConfigurationList = 26440125191343B200407803 /* Build configuration list for PBXNativeTarget "Tasks+Tests" */;
			buildPhases = (
				2644010D191343B200407803 /* Sources */,
				2644010E191343B200407803 /* Frameworks */,
				2644010F191343B200407803 /* Resources */,
			);
			buildRules = (
			);
			dependencies = (
				26440117191343B200407803 /* PBXTargetDependency */,
			);
			name = "Tasks+Tests";
			productName = "Tasks+Tests";
			productReference = 26440111191343B200407803 /* Tasks+Tests.xctest */;
			productType = "com.apple.product-type.bundle.unit-test";
		};
/* End PBXNativeTarget section */

/* Begin PBXProject section */
		264400E5191343B200407803 /* Project object */ = {
			isa = PBXProject;
			attributes = {
				CLASSPREFIX = MD;
				LastUpgradeCheck = 0510;
				ORGANIZATIONNAME = "Mikael Dunhem";
				TargetAttributes = {
					264400EC191343B200407803 = {
						DevelopmentTeam = F43T467263;
					};
					26440110191343B200407803 = {
						TestTargetID = 264400EC191343B200407803;
					};
				};
			};
			buildConfigurationList = 264400E8191343B200407803 /* Build configuration list for PBXProject "Tasks+" */;
			compatibilityVersion = "Xcode 3.2";
			developmentRegion = English;
			hasScannedForEncodings = 0;
			knownRegions = (
				en,
				Base,
			);
			mainGroup = 264400E4191343B200407803;
			productRefGroup = 264400EE191343B200407803 /* Products */;
			projectDirPath = "";
			projectReferences = (
				{
					ProductGroup = 26D5BF6F1914A9DE00E4A81E /* Products */;
					ProjectRef = 26D5BF6E1914A9DE00E4A81E /* GTL.xcodeproj */;
				},
			);
			projectRoot = "";
			targets = (
				264400EC191343B200407803 /* Tasks+ */,
				26440110191343B200407803 /* Tasks+Tests */,
			);
		};
/* End PBXProject section */

/* Begin PBXReferenceProxy section */
		26D5BF761914A9DE00E4A81E /* GTL.framework */ = {
			isa = PBXReferenceProxy;
			fileType = wrapper.framework;
			path = GTL.framework;
			remoteRef = 26D5BF751914A9DE00E4A81E /* PBXContainerItemProxy */;
			sourceTree = BUILT_PRODUCTS_DIR;
		};
		26D5BF781914A9DE00E4A81E /* libGTLTouchStaticLib.a */ = {
			isa = PBXReferenceProxy;
			fileType = archive.ar;
			path = libGTLTouchStaticLib.a;
			remoteRef = 26D5BF771914A9DE00E4A81E /* PBXContainerItemProxy */;
			sourceTree = BUILT_PRODUCTS_DIR;
		};
		26D5BF7A1914A9DE00E4A81E /* GTLUnitTests.octest */ = {
			isa = PBXReferenceProxy;
			fileType = wrapper.cfbundle;
			path = GTLUnitTests.octest;
			remoteRef = 26D5BF791914A9DE00E4A81E /* PBXContainerItemProxy */;
			sourceTree = BUILT_PRODUCTS_DIR;
		};
		26D5BF7C1914A9DE00E4A81E /* DevelopmentTestTool */ = {
			isa = PBXReferenceProxy;
			fileType = "compiled.mach-o.executable";
			path = DevelopmentTestTool;
			remoteRef = 26D5BF7B1914A9DE00E4A81E /* PBXContainerItemProxy */;
			sourceTree = BUILT_PRODUCTS_DIR;
		};
/* End PBXReferenceProxy section */

/* Begin PBXResourcesBuildPhase section */
		264400EB191343B200407803 /* Resources */ = {
			isa = PBXResourcesBuildPhase;
			buildActionMask = 2147483647;
			files = (
				2600070F191B0F7C0084B4A9 /* GTMOAuth2ViewTouch.xib in Resources */,
				2644010C191343B200407803 /* Images.xcassets in Resources */,
				264400FB191343B200407803 /* InfoPlist.strings in Resources */,
				26DE17A0191C914F00506977 /* TestView.xib in Resources */,
				26440104191343B200407803 /* Main.storyboard in Resources */,
			);
			runOnlyForDeploymentPostprocessing = 0;
		};
		2644010F191343B200407803 /* Resources */ = {
			isa = PBXResourcesBuildPhase;
			buildActionMask = 2147483647;
			files = (
				2644011D191343B200407803 /* InfoPlist.strings in Resources */,
			);
			runOnlyForDeploymentPostprocessing = 0;
		};
/* End PBXResourcesBuildPhase section */

/* Begin PBXSourcesBuildPhase section */
		264400E9191343B200407803 /* Sources */ = {
			isa = PBXSourcesBuildPhase;
			buildActionMask = 2147483647;
			files = (
				2644013F19134C0200407803 /* MDTasksViewController.m in Sources */,
				26D5BF9C1914AD6300E4A81E /* GTLTasksTask.m in Sources */,
				2644013C19134BEA00407803 /* MDMenuViewController.m in Sources */,
				26D5BF981914AD6300E4A81E /* GTLQueryTasks.m in Sources */,
				264400FD191343B200407803 /* main.m in Sources */,
				26D5BF9F1914AD6300E4A81E /* GTLTasksTasks.m in Sources */,
				26D5BF9E1914AD6300E4A81E /* GTLTasksTaskLists.m in Sources */,
				26440107191343B200407803 /* MDMasterViewController.m in Sources */,
				26440142191350EE00407803 /* MDTaskList.m in Sources */,
				26D5BF991914AD6300E4A81E /* GTLServiceTasks.m in Sources */,
				26D5BF9B1914AD6300E4A81E /* GTLTasksConstants.m in Sources */,
				264401351913443100407803 /* MMDrawerBarButtonItem.m in Sources */,
				26DE179B191C7EB400506977 /* MDEditTaskListViewController.m in Sources */,
				26DE17A4191C953800506977 /* MDTextFieldCell.m in Sources */,
				26D5BF9D1914AD6300E4A81E /* GTLTasksTaskList.m in Sources */,
				264401381913443100407803 /* UIViewController+MMDrawerController.m in Sources */,
				264401451913513600407803 /* MDTask.m in Sources */,
				2644010A191343B200407803 /* MDDetailViewController.m in Sources */,
				264401361913443100407803 /* MMDrawerController.m in Sources */,
				26440101191343B200407803 /* MDAppDelegate.m in Sources */,
				269DC2B01921A1E400E49058 /* MDTasksManager.m in Sources */,
				26DE17A7191DD38000506977 /* MDFormCell.m in Sources */,
				264401371913443100407803 /* MMDrawerVisualState.m in Sources */,
			);
			runOnlyForDeploymentPostprocessing = 0;
		};
		2644010D191343B200407803 /* Sources */ = {
			isa = PBXSourcesBuildPhase;
			buildActionMask = 2147483647;
			files = (
				2644011F191343B200407803 /* Tasks_Tests.m in Sources */,
			);
			runOnlyForDeploymentPostprocessing = 0;
		};
/* End PBXSourcesBuildPhase section */

/* Begin PBXTargetDependency section */
		26440117191343B200407803 /* PBXTargetDependency */ = {
			isa = PBXTargetDependency;
			target = 264400EC191343B200407803 /* Tasks+ */;
			targetProxy = 26440116191343B200407803 /* PBXContainerItemProxy */;
		};
		26D5C09C1914B4D600E4A81E /* PBXTargetDependency */ = {
			isa = PBXTargetDependency;
			name = GTLTouchStaticLib;
			targetProxy = 26D5C09B1914B4D600E4A81E /* PBXContainerItemProxy */;
		};
/* End PBXTargetDependency section */

/* Begin PBXVariantGroup section */
		264400F9191343B200407803 /* InfoPlist.strings */ = {
			isa = PBXVariantGroup;
			children = (
				264400FA191343B200407803 /* en */,
			);
			name = InfoPlist.strings;
			sourceTree = "<group>";
		};
		26440102191343B200407803 /* Main.storyboard */ = {
			isa = PBXVariantGroup;
			children = (
				26440103191343B200407803 /* Base */,
			);
			name = Main.storyboard;
			sourceTree = "<group>";
		};
		2644011B191343B200407803 /* InfoPlist.strings */ = {
			isa = PBXVariantGroup;
			children = (
				2644011C191343B200407803 /* en */,
			);
			name = InfoPlist.strings;
			sourceTree = "<group>";
		};
/* End PBXVariantGroup section */

/* Begin XCBuildConfiguration section */
		26440120191343B200407803 /* Debug */ = {
			isa = XCBuildConfiguration;
			buildSettings = {
				ALWAYS_SEARCH_USER_PATHS = NO;
				CLANG_CXX_LANGUAGE_STANDARD = "gnu++0x";
				CLANG_CXX_LIBRARY = "libc++";
				CLANG_ENABLE_MODULES = YES;
				CLANG_ENABLE_OBJC_ARC = YES;
				CLANG_WARN_BOOL_CONVERSION = YES;
				CLANG_WARN_CONSTANT_CONVERSION = YES;
				CLANG_WARN_DIRECT_OBJC_ISA_USAGE = YES_ERROR;
				CLANG_WARN_EMPTY_BODY = YES;
				CLANG_WARN_ENUM_CONVERSION = YES;
				CLANG_WARN_INT_CONVERSION = YES;
				CLANG_WARN_OBJC_ROOT_CLASS = YES_ERROR;
				CLANG_WARN__DUPLICATE_METHOD_MATCH = YES;
				"CODE_SIGN_IDENTITY[sdk=iphoneos*]" = "iPhone Developer";
				COPY_PHASE_STRIP = NO;
				GCC_C_LANGUAGE_STANDARD = gnu99;
				GCC_DYNAMIC_NO_PIC = NO;
				GCC_OPTIMIZATION_LEVEL = 0;
				GCC_PREPROCESSOR_DEFINITIONS = (
					"DEBUG=1",
					"$(inherited)",
				);
				GCC_SYMBOLS_PRIVATE_EXTERN = NO;
				GCC_WARN_64_TO_32_BIT_CONVERSION = YES;
				GCC_WARN_ABOUT_RETURN_TYPE = YES_ERROR;
				GCC_WARN_UNDECLARED_SELECTOR = YES;
				GCC_WARN_UNINITIALIZED_AUTOS = YES_AGGRESSIVE;
				GCC_WARN_UNUSED_FUNCTION = YES;
				GCC_WARN_UNUSED_VARIABLE = YES;
				IPHONEOS_DEPLOYMENT_TARGET = 7.1;
				ONLY_ACTIVE_ARCH = YES;
				SDKROOT = iphoneos;
			};
			name = Debug;
		};
		26440121191343B200407803 /* Release */ = {
			isa = XCBuildConfiguration;
			buildSettings = {
				ALWAYS_SEARCH_USER_PATHS = NO;
				CLANG_CXX_LANGUAGE_STANDARD = "gnu++0x";
				CLANG_CXX_LIBRARY = "libc++";
				CLANG_ENABLE_MODULES = YES;
				CLANG_ENABLE_OBJC_ARC = YES;
				CLANG_WARN_BOOL_CONVERSION = YES;
				CLANG_WARN_CONSTANT_CONVERSION = YES;
				CLANG_WARN_DIRECT_OBJC_ISA_USAGE = YES_ERROR;
				CLANG_WARN_EMPTY_BODY = YES;
				CLANG_WARN_ENUM_CONVERSION = YES;
				CLANG_WARN_INT_CONVERSION = YES;
				CLANG_WARN_OBJC_ROOT_CLASS = YES_ERROR;
				CLANG_WARN__DUPLICATE_METHOD_MATCH = YES;
				"CODE_SIGN_IDENTITY[sdk=iphoneos*]" = "iPhone Developer";
				COPY_PHASE_STRIP = YES;
				ENABLE_NS_ASSERTIONS = NO;
				GCC_C_LANGUAGE_STANDARD = gnu99;
				GCC_WARN_64_TO_32_BIT_CONVERSION = YES;
				GCC_WARN_ABOUT_RETURN_TYPE = YES_ERROR;
				GCC_WARN_UNDECLARED_SELECTOR = YES;
				GCC_WARN_UNINITIALIZED_AUTOS = YES_AGGRESSIVE;
				GCC_WARN_UNUSED_FUNCTION = YES;
				GCC_WARN_UNUSED_VARIABLE = YES;
				IPHONEOS_DEPLOYMENT_TARGET = 7.1;
				SDKROOT = iphoneos;
				VALIDATE_PRODUCT = YES;
			};
			name = Release;
		};
		26440123191343B200407803 /* Debug */ = {
			isa = XCBuildConfiguration;
			buildSettings = {
				ASSETCATALOG_COMPILER_APPICON_NAME = AppIcon;
				ASSETCATALOG_COMPILER_LAUNCHIMAGE_NAME = LaunchImage;
				CODE_SIGN_IDENTITY = "iPhone Developer";
				GCC_PRECOMPILE_PREFIX_HEADER = YES;
				GCC_PREFIX_HEADER = "Tasks+/Tasks+-Prefix.pch";
				INFOPLIST_FILE = "Tasks+/Tasks+-Info.plist";
				"OTHER_LDFLAGS[arch=*]" = (
					"-ObjC",
					"-all_load",
				);
				PRODUCT_NAME = "$(TARGET_NAME)";
				WRAPPER_EXTENSION = app;
			};
			name = Debug;
		};
		26440124191343B200407803 /* Release */ = {
			isa = XCBuildConfiguration;
			buildSettings = {
				ASSETCATALOG_COMPILER_APPICON_NAME = AppIcon;
				ASSETCATALOG_COMPILER_LAUNCHIMAGE_NAME = LaunchImage;
				CODE_SIGN_IDENTITY = "iPhone Developer";
				GCC_PRECOMPILE_PREFIX_HEADER = YES;
				GCC_PREFIX_HEADER = "Tasks+/Tasks+-Prefix.pch";
				INFOPLIST_FILE = "Tasks+/Tasks+-Info.plist";
				"OTHER_LDFLAGS[arch=*]" = (
					"-ObjC",
					"-all_load",
				);
				PRODUCT_NAME = "$(TARGET_NAME)";
				WRAPPER_EXTENSION = app;
			};
			name = Release;
		};
		26440126191343B200407803 /* Debug */ = {
			isa = XCBuildConfiguration;
			buildSettings = {
				BUNDLE_LOADER = "$(BUILT_PRODUCTS_DIR)/Tasks+.app/Tasks+";
				FRAMEWORK_SEARCH_PATHS = (
					"$(SDKROOT)/Developer/Library/Frameworks",
					"$(inherited)",
					"$(DEVELOPER_FRAMEWORKS_DIR)",
				);
				GCC_PRECOMPILE_PREFIX_HEADER = YES;
				GCC_PREFIX_HEADER = "Tasks+/Tasks+-Prefix.pch";
				GCC_PREPROCESSOR_DEFINITIONS = (
					"DEBUG=1",
					"$(inherited)",
				);
				INFOPLIST_FILE = "Tasks+Tests/Tasks+Tests-Info.plist";
				PRODUCT_NAME = "$(TARGET_NAME)";
				TEST_HOST = "$(BUNDLE_LOADER)";
				WRAPPER_EXTENSION = xctest;
			};
			name = Debug;
		};
		26440127191343B200407803 /* Release */ = {
			isa = XCBuildConfiguration;
			buildSettings = {
				BUNDLE_LOADER = "$(BUILT_PRODUCTS_DIR)/Tasks+.app/Tasks+";
				FRAMEWORK_SEARCH_PATHS = (
					"$(SDKROOT)/Developer/Library/Frameworks",
					"$(inherited)",
					"$(DEVELOPER_FRAMEWORKS_DIR)",
				);
				GCC_PRECOMPILE_PREFIX_HEADER = YES;
				GCC_PREFIX_HEADER = "Tasks+/Tasks+-Prefix.pch";
				INFOPLIST_FILE = "Tasks+Tests/Tasks+Tests-Info.plist";
				PRODUCT_NAME = "$(TARGET_NAME)";
				TEST_HOST = "$(BUNDLE_LOADER)";
				WRAPPER_EXTENSION = xctest;
			};
			name = Release;
		};
/* End XCBuildConfiguration section */

/* Begin XCConfigurationList section */
		264400E8191343B200407803 /* Build configuration list for PBXProject "Tasks+" */ = {
			isa = XCConfigurationList;
			buildConfigurations = (
				26440120191343B200407803 /* Debug */,
				26440121191343B200407803 /* Release */,
			);
			defaultConfigurationIsVisible = 0;
			defaultConfigurationName = Release;
		};
		26440122191343B200407803 /* Build configuration list for PBXNativeTarget "Tasks+" */ = {
			isa = XCConfigurationList;
			buildConfigurations = (
				26440123191343B200407803 /* Debug */,
				26440124191343B200407803 /* Release */,
			);
			defaultConfigurationIsVisible = 0;
			defaultConfigurationName = Release;
		};
		26440125191343B200407803 /* Build configuration list for PBXNativeTarget "Tasks+Tests" */ = {
			isa = XCConfigurationList;
			buildConfigurations = (
				26440126191343B200407803 /* Debug */,
				26440127191343B200407803 /* Release */,
			);
			defaultConfigurationIsVisible = 0;
			defaultConfigurationName = Release;
		};
/* End XCConfigurationList section */
	};
	rootObject = 264400E5191343B200407803 /* Project object */;
}
